// !$*UTF8*$!
{
	archiveVersion = 1;
	classes = {
	};
	objectVersion = 55;
	objects = {

/* Begin PBXBuildFile section */
		268317B82786B03C00D3E937 /* AppDelegate.swift in Sources */ = {isa = PBXBuildFile; fileRef = 268317B72786B03C00D3E937 /* AppDelegate.swift */; };
		268317BA2786B03C00D3E937 /* SceneDelegate.swift in Sources */ = {isa = PBXBuildFile; fileRef = 268317B92786B03C00D3E937 /* SceneDelegate.swift */; };
		268317BF2786B03C00D3E937 /* Main.storyboard in Resources */ = {isa = PBXBuildFile; fileRef = 268317BD2786B03C00D3E937 /* Main.storyboard */; };
		268317C12786B03D00D3E937 /* Assets.xcassets in Resources */ = {isa = PBXBuildFile; fileRef = 268317C02786B03D00D3E937 /* Assets.xcassets */; };
		268317C42786B03D00D3E937 /* LaunchScreen.storyboard in Resources */ = {isa = PBXBuildFile; fileRef = 268317C22786B03D00D3E937 /* LaunchScreen.storyboard */; };
		268317CC2786BCCC00D3E937 /* MovieSearchTableViewCell.swift in Sources */ = {isa = PBXBuildFile; fileRef = 268317CB2786BCCB00D3E937 /* MovieSearchTableViewCell.swift */; };
		268317CE2786BD0A00D3E937 /* MovieSearchViewController.swift in Sources */ = {isa = PBXBuildFile; fileRef = 268317CD2786BD0A00D3E937 /* MovieSearchViewController.swift */; };
		268317D02786C09300D3E937 /* MovieDetailsViewController.swift in Sources */ = {isa = PBXBuildFile; fileRef = 268317CF2786C09300D3E937 /* MovieDetailsViewController.swift */; };
		268317D22786C6C000D3E937 /* Model.swift in Sources */ = {isa = PBXBuildFile; fileRef = 268317D12786C6C000D3E937 /* Model.swift */; };
		26C66038278839FE0072FC76 /* Constants.swift in Sources */ = {isa = PBXBuildFile; fileRef = 26C66037278839FE0072FC76 /* Constants.swift */; };
/* End PBXBuildFile section */

/* Begin PBXFileReference section */
		268317B42786B03C00D3E937 /* CodingChallangeLows.app */ = {isa = PBXFileReference; explicitFileType = wrapper.application; includeInIndex = 0; path = CodingChallangeLows.app; sourceTree = BUILT_PRODUCTS_DIR; };
		268317B72786B03C00D3E937 /* AppDelegate.swift */ = {isa = PBXFileReference; lastKnownFileType = sourcecode.swift; path = AppDelegate.swift; sourceTree = "<group>"; };
		268317B92786B03C00D3E937 /* SceneDelegate.swift */ = {isa = PBXFileReference; lastKnownFileType = sourcecode.swift; path = SceneDelegate.swift; sourceTree = "<group>"; };
		268317BE2786B03C00D3E937 /* Base */ = {isa = PBXFileReference; lastKnownFileType = file.storyboard; name = Base; path = Base.lproj/Main.storyboard; sourceTree = "<group>"; };
		268317C02786B03D00D3E937 /* Assets.xcassets */ = {isa = PBXFileReference; lastKnownFileType = folder.assetcatalog; path = Assets.xcassets; sourceTree = "<group>"; };
		268317C32786B03D00D3E937 /* Base */ = {isa = PBXFileReference; lastKnownFileType = file.storyboard; name = Base; path = Base.lproj/LaunchScreen.storyboard; sourceTree = "<group>"; };
		268317C52786B03D00D3E937 /* Info.plist */ = {isa = PBXFileReference; lastKnownFileType = text.plist.xml; path = Info.plist; sourceTree = "<group>"; };
		268317CB2786BCCB00D3E937 /* MovieSearchTableViewCell.swift */ = {isa = PBXFileReference; lastKnownFileType = sourcecode.swift; path = MovieSearchTableViewCell.swift; sourceTree = "<group>"; };
		268317CD2786BD0A00D3E937 /* MovieSearchViewController.swift */ = {isa = PBXFileReference; lastKnownFileType = sourcecode.swift; path = MovieSearchViewController.swift; sourceTree = "<group>"; };
		268317CF2786C09300D3E937 /* MovieDetailsViewController.swift */ = {isa = PBXFileReference; lastKnownFileType = sourcecode.swift; path = MovieDetailsViewController.swift; sourceTree = "<group>"; };
		268317D12786C6C000D3E937 /* Model.swift */ = {isa = PBXFileReference; lastKnownFileType = sourcecode.swift; path = Model.swift; sourceTree = "<group>"; };
		26C66037278839FE0072FC76 /* Constants.swift */ = {isa = PBXFileReference; lastKnownFileType = sourcecode.swift; path = Constants.swift; sourceTree = "<group>"; };
/* End PBXFileReference section */

/* Begin PBXFrameworksBuildPhase section */
		268317B12786B03C00D3E937 /* Frameworks */ = {
			isa = PBXFrameworksBuildPhase;
			buildActionMask = 2147483647;
			files = (
			);
			runOnlyForDeploymentPostprocessing = 0;
		};
/* End PBXFrameworksBuildPhase section */

/* Begin PBXGroup section */
		268317AB2786B03C00D3E937 = {
			isa = PBXGroup;
			children = (
				268317B62786B03C00D3E937 /* CodingChallangeLows */,
				268317B52786B03C00D3E937 /* Products */,
			);
			sourceTree = "<group>";
		};
		268317B52786B03C00D3E937 /* Products */ = {
			isa = PBXGroup;
			children = (
				268317B42786B03C00D3E937 /* CodingChallangeLows.app */,
			);
			name = Products;
			sourceTree = "<group>";
		};
		268317B62786B03C00D3E937 /* CodingChallangeLows */ = {
			isa = PBXGroup;
			children = (
				26C6603B27883E180072FC76 /* Source */,
				26C6603A27883DF70072FC76 /* Resources */,
				268317C52786B03D00D3E937 /* Info.plist */,
			);
			path = CodingChallangeLows;
			sourceTree = "<group>";
		};
		26C6603927883D5E0072FC76 /* Model */ = {
			isa = PBXGroup;
			children = (
				26C66037278839FE0072FC76 /* Constants.swift */,
				268317D12786C6C000D3E937 /* Model.swift */,
			);
			path = Model;
			sourceTree = "<group>";
		};
		26C6603A27883DF70072FC76 /* Resources */ = {
			isa = PBXGroup;
			children = (
				268317BD2786B03C00D3E937 /* Main.storyboard */,
				268317C02786B03D00D3E937 /* Assets.xcassets */,
				268317C22786B03D00D3E937 /* LaunchScreen.storyboard */,
			);
			path = Resources;
			sourceTree = "<group>";
		};
		26C6603B27883E180072FC76 /* Source */ = {
			isa = PBXGroup;
			children = (
				26C6603C27883E270072FC76 /* App */,
				26C6603D27883E480072FC76 /* Search */,
				26C6603E27883E6E0072FC76 /* Detail */,
				26C6603927883D5E0072FC76 /* Model */,
			);
			path = Source;
			sourceTree = "<group>";
		};
		26C6603C27883E270072FC76 /* App */ = {
			isa = PBXGroup;
			children = (
				268317B72786B03C00D3E937 /* AppDelegate.swift */,
				268317B92786B03C00D3E937 /* SceneDelegate.swift */,
			);
			path = App;
			sourceTree = "<group>";
		};
		26C6603D27883E480072FC76 /* Search */ = {
			isa = PBXGroup;
			children = (
				268317CD2786BD0A00D3E937 /* MovieSearchViewController.swift */,
				268317CB2786BCCB00D3E937 /* MovieSearchTableViewCell.swift */,
			);
			path = Search;
			sourceTree = "<group>";
		};
		26C6603E27883E6E0072FC76 /* Detail */ = {
			isa = PBXGroup;
			children = (
				268317CF2786C09300D3E937 /* MovieDetailsViewController.swift */,
			);
			path = Detail;
			sourceTree = "<group>";
		};
/* End PBXGroup section */

/* Begin PBXNativeTarget section */
		268317B32786B03C00D3E937 /* CodingChallangeLows */ = {
			isa = PBXNativeTarget;
			buildConfigurationList = 268317C82786B03D00D3E937 /* Build configuration list for PBXNativeTarget "CodingChallangeLows" */;
			buildPhases = (
				268317B02786B03C00D3E937 /* Sources */,
				268317B12786B03C00D3E937 /* Frameworks */,
				268317B22786B03C00D3E937 /* Resources */,
			);
			buildRules = (
			);
			dependencies = (
			);
			name = CodingChallangeLows;
			productName = CodingChallangeLows;
			productReference = 268317B42786B03C00D3E937 /* CodingChallangeLows.app */;
			productType = "com.apple.product-type.application";
		};
/* End PBXNativeTarget section */

/* Begin PBXProject section */
		268317AC2786B03C00D3E937 /* Project object */ = {
			isa = PBXProject;
			attributes = {
				BuildIndependentTargetsInParallel = 1;
				LastSwiftUpdateCheck = 1320;
				LastUpgradeCheck = 1320;
				TargetAttributes = {
					268317B32786B03C00D3E937 = {
						CreatedOnToolsVersion = 13.2.1;
					};
				};
			};
			buildConfigurationList = 268317AF2786B03C00D3E937 /* Build configuration list for PBXProject "CodingChallangeLows" */;
			compatibilityVersion = "Xcode 13.0";
			developmentRegion = en;
			hasScannedForEncodings = 0;
			knownRegions = (
				en,
				Base,
			);
			mainGroup = 268317AB2786B03C00D3E937;
			productRefGroup = 268317B52786B03C00D3E937 /* Products */;
			projectDirPath = "";
			projectRoot = "";
			targets = (
				268317B32786B03C00D3E937 /* CodingChallangeLows */,
			);
		};
/* End PBXProject section */

/* Begin PBXResourcesBuildPhase section */
		268317B22786B03C00D3E937 /* Resources */ = {
			isa = PBXResourcesBuildPhase;
			buildActionMask = 2147483647;
			files = (
				268317C42786B03D00D3E937 /* LaunchScreen.storyboard in Resources */,
				268317C12786B03D00D3E937 /* Assets.xcassets in Resources */,
				268317BF2786B03C00D3E937 /* Main.storyboard in Resources */,
			);
			runOnlyForDeploymentPostprocessing = 0;
		};
/* End PBXResourcesBuildPhase section */

/* Begin PBXSourcesBuildPhase section */
		268317B02786B03C00D3E937 /* Sources */ = {
			isa = PBXSourcesBuildPhase;
			buildActionMask = 2147483647;
			files = (
				268317B82786B03C00D3E937 /* AppDelegate.swift in Sources */,
				268317D02786C09300D3E937 /* MovieDetailsViewController.swift in Sources */,
				268317D22786C6C000D3E937 /* Model.swift in Sources */,
				268317CC2786BCCC00D3E937 /* MovieSearchTableViewCell.swift in Sources */,
				26C66038278839FE0072FC76 /* Constants.swift in Sources */,
				268317CE2786BD0A00D3E937 /* MovieSearchViewController.swift in Sources */,
				268317BA2786B03C00D3E937 /* SceneDelegate.swift in Sources */,
			);
			runOnlyForDeploymentPostprocessing = 0;
		};
/* End PBXSourcesBuildPhase section */

/* Begin PBXVariantGroup section */
		268317BD2786B03C00D3E937 /* Main.storyboard */ = {
			isa = PBXVariantGroup;
			children = (
				268317BE2786B03C00D3E937 /* Base */,
			);
			name = Main.storyboard;
			sourceTree = "<group>";
		};
		268317C22786B03D00D3E937 /* LaunchScreen.storyboard */ = {
			isa = PBXVariantGroup;
			children = (
				268317C32786B03D00D3E937 /* Base */,
			);
			name = LaunchScreen.storyboard;
			sourceTree = "<group>";
		};
/* End PBXVariantGroup section */

/* Begin XCBuildConfiguration section */
		268317C62786B03D00D3E937 /* Debug */ = {
			isa = XCBuildConfiguration;
			buildSettings = {
				ALWAYS_SEARCH_USER_PATHS = NO;
				CLANG_ANALYZER_NONNULL = YES;
				CLANG_ANALYZER_NUMBER_OBJECT_CONVERSION = YES_AGGRESSIVE;
				CLANG_CXX_LANGUAGE_STANDARD = "gnu++17";
				CLANG_CXX_LIBRARY = "libc++";
				CLANG_ENABLE_MODULES = YES;
				CLANG_ENABLE_OBJC_ARC = YES;
				CLANG_ENABLE_OBJC_WEAK = YES;
				CLANG_WARN_BLOCK_CAPTURE_AUTORELEASING = YES;
				CLANG_WARN_BOOL_CONVERSION = YES;
				CLANG_WARN_COMMA = YES;
				CLANG_WARN_CONSTANT_CONVERSION = YES;
				CLANG_WARN_DEPRECATED_OBJC_IMPLEMENTATIONS = YES;
				CLANG_WARN_DIRECT_OBJC_ISA_USAGE = YES_ERROR;
				CLANG_WARN_DOCUMENTATION_COMMENTS = YES;
				CLANG_WARN_EMPTY_BODY = YES;
				CLANG_WARN_ENUM_CONVERSION = YES;
				CLANG_WARN_INFINITE_RECURSION = YES;
				CLANG_WARN_INT_CONVERSION = YES;
				CLANG_WARN_NON_LITERAL_NULL_CONVERSION = YES;
				CLANG_WARN_OBJC_IMPLICIT_RETAIN_SELF = YES;
				CLANG_WARN_OBJC_LITERAL_CONVERSION = YES;
				CLANG_WARN_OBJC_ROOT_CLASS = YES_ERROR;
				CLANG_WARN_QUOTED_INCLUDE_IN_FRAMEWORK_HEADER = YES;
				CLANG_WARN_RANGE_LOOP_ANALYSIS = YES;
				CLANG_WARN_STRICT_PROTOTYPES = YES;
				CLANG_WARN_SUSPICIOUS_MOVE = YES;
				CLANG_WARN_UNGUARDED_AVAILABILITY = YES_AGGRESSIVE;
				CLANG_WARN_UNREACHABLE_CODE = YES;
				CLANG_WARN__DUPLICATE_METHOD_MATCH = YES;
				COPY_PHASE_STRIP = NO;
				DEBUG_INFORMATION_FORMAT = dwarf;
				ENABLE_STRICT_OBJC_MSGSEND = YES;
				ENABLE_TESTABILITY = YES;
				GCC_C_LANGUAGE_STANDARD = gnu11;
				GCC_DYNAMIC_NO_PIC = NO;
				GCC_NO_COMMON_BLOCKS = YES;
				GCC_OPTIMIZATION_LEVEL = 0;
				GCC_PREPROCESSOR_DEFINITIONS = (
					"DEBUG=1",
					"$(inherited)",
				);
				GCC_WARN_64_TO_32_BIT_CONVERSION = YES;
				GCC_WARN_ABOUT_RETURN_TYPE = YES_ERROR;
				GCC_WARN_UNDECLARED_SELECTOR = YES;
				GCC_WARN_UNINITIALIZED_AUTOS = YES_AGGRESSIVE;
				GCC_WARN_UNUSED_FUNCTION = YES;
				GCC_WARN_UNUSED_VARIABLE = YES;
				IPHONEOS_DEPLOYMENT_TARGET = 15.2;
				MTL_ENABLE_DEBUG_INFO = INCLUDE_SOURCE;
				MTL_FAST_MATH = YES;
				ONLY_ACTIVE_ARCH = YES;
				SDKROOT = iphoneos;
				SWIFT_ACTIVE_COMPILATION_CONDITIONS = DEBUG;
				SWIFT_OPTIMIZATION_LEVEL = "-Onone";
			};
			name = Debug;
		};
		268317C72786B03D00D3E937 /* Release */ = {
			isa = XCBuildConfiguration;
			buildSettings = {
				ALWAYS_SEARCH_USER_PATHS = NO;
				CLANG_ANALYZER_NONNULL = YES;
				CLANG_ANALYZER_NUMBER_OBJECT_CONVERSION = YES_AGGRESSIVE;
				CLANG_CXX_LANGUAGE_STANDARD = "gnu++17";
				CLANG_CXX_LIBRARY = "libc++";
				CLANG_ENABLE_MODULES = YES;
				CLANG_ENABLE_OBJC_ARC = YES;
				CLANG_ENABLE_OBJC_WEAK = YES;
				CLANG_WARN_BLOCK_CAPTURE_AUTORELEASING = YES;
				CLANG_WARN_BOOL_CONVERSION = YES;
				CLANG_WARN_COMMA = YES;
				CLANG_WARN_CONSTANT_CONVERSION = YES;
				CLANG_WARN_DEPRECATED_OBJC_IMPLEMENTATIONS = YES;
				CLANG_WARN_DIRECT_OBJC_ISA_USAGE = YES_ERROR;
				CLANG_WARN_DOCUMENTATION_COMMENTS = YES;
				CLANG_WARN_EMPTY_BODY = YES;
				CLANG_WARN_ENUM_CONVERSION = YES;
				CLANG_WARN_INFINITE_RECURSION = YES;
				CLANG_WARN_INT_CONVERSION = YES;
				CLANG_WARN_NON_LITERAL_NULL_CONVERSION = YES;
				CLANG_WARN_OBJC_IMPLICIT_RETAIN_SELF = YES;
				CLANG_WARN_OBJC_LITERAL_CONVERSION = YES;
				CLANG_WARN_OBJC_ROOT_CLASS = YES_ERROR;
				CLANG_WARN_QUOTED_INCLUDE_IN_FRAMEWORK_HEADER = YES;
				CLANG_WARN_RANGE_LOOP_ANALYSIS = YES;
				CLANG_WARN_STRICT_PROTOTYPES = YES;
				CLANG_WARN_SUSPICIOUS_MOVE = YES;
				CLANG_WARN_UNGUARDED_AVAILABILITY = YES_AGGRESSIVE;
				CLANG_WARN_UNREACHABLE_CODE = YES;
				CLANG_WARN__DUPLICATE_METHOD_MATCH = YES;
				COPY_PHASE_STRIP = NO;
				DEBUG_INFORMATION_FORMAT = "dwarf-with-dsym";
				ENABLE_NS_ASSERTIONS = NO;
				ENABLE_STRICT_OBJC_MSGSEND = YES;
				GCC_C_LANGUAGE_STANDARD = gnu11;
				GCC_NO_COMMON_BLOCKS = YES;
				GCC_WARN_64_TO_32_BIT_CONVERSION = YES;
				GCC_WARN_ABOUT_RETURN_TYPE = YES_ERROR;
				GCC_WARN_UNDECLARED_SELECTOR = YES;
				GCC_WARN_UNINITIALIZED_AUTOS = YES_AGGRESSIVE;
				GCC_WARN_UNUSED_FUNCTION = YES;
				GCC_WARN_UNUSED_VARIABLE = YES;
				IPHONEOS_DEPLOYMENT_TARGET = 15.2;
				MTL_ENABLE_DEBUG_INFO = NO;
				MTL_FAST_MATH = YES;
				SDKROOT = iphoneos;
				SWIFT_COMPILATION_MODE = wholemodule;
				SWIFT_OPTIMIZATION_LEVEL = "-O";
				VALIDATE_PRODUCT = YES;
			};
			name = Release;
		};
		268317C92786B03D00D3E937 /* Debug */ = {
			isa = XCBuildConfiguration;
			buildSettings = {
				ASSETCATALOG_COMPILER_APPICON_NAME = AppIcon;
				ASSETCATALOG_COMPILER_GLOBAL_ACCENT_COLOR_NAME = AccentColor;
				CODE_SIGN_STYLE = Automatic;
				CURRENT_PROJECT_VERSION = 1;
				DEVELOPMENT_TEAM = 3Q643G8AAS;
				GENERATE_INFOPLIST_FILE = YES;
				INFOPLIST_FILE = CodingChallangeLows/Info.plist;
				INFOPLIST_KEY_UIApplicationSupportsIndirectInputEvents = YES;
				INFOPLIST_KEY_UILaunchStoryboardName = LaunchScreen;
				INFOPLIST_KEY_UIMainStoryboardFile = Main;
				INFOPLIST_KEY_UISupportedInterfaceOrientations_iPad = "UIInterfaceOrientationPortrait UIInterfaceOrientationPortraitUpsideDown UIInterfaceOrientationLandscapeLeft UIInterfaceOrientationLandscapeRight";
				INFOPLIST_KEY_UISupportedInterfaceOrientations_iPhone = "UIInterfaceOrientationPortrait UIInterfaceOrientationLandscapeLeft UIInterfaceOrientationLandscapeRight";
				LD_RUNPATH_SEARCH_PATHS = (
					"$(inherited)",
					"@executable_path/Frameworks",
				);
				MACH_O_TYPE = mh_execute;
				MARKETING_VERSION = 1.0;
				PRODUCT_BUNDLE_IDENTIFIER = Divyesh.CodingChallangeLows;
				PRODUCT_NAME = "$(TARGET_NAME)";
				SWIFT_EMIT_LOC_STRINGS = YES;
				SWIFT_VERSION = 5.0;
				TARGETED_DEVICE_FAMILY = "1,2";
			};
			name = Debug;
		};
		268317CA2786B03D00D3E937 /* Release */ = {
			isa = XCBuildConfiguration;
			buildSettings = {
				ASSETCATALOG_COMPILER_APPICON_NAME = AppIcon;
				ASSETCATALOG_COMPILER_GLOBAL_ACCENT_COLOR_NAME = AccentColor;
				CODE_SIGN_STYLE = Automatic;
				CURRENT_PROJECT_VERSION = 1;
				DEVELOPMENT_TEAM = 3Q643G8AAS;
				GENERATE_INFOPLIST_FILE = YES;
				INFOPLIST_FILE = CodingChallangeLows/Info.plist;
				INFOPLIST_KEY_UIApplicationSupportsIndirectInputEvents = YES;
				INFOPLIST_KEY_UILaunchStoryboardName = LaunchScreen;
				INFOPLIST_KEY_UIMainStoryboardFile = Main;
				INFOPLIST_KEY_UISupportedInterfaceOrientations_iPad = "UIInterfaceOrientationPortrait UIInterfaceOrientationPortraitUpsideDown UIInterfaceOrientationLandscapeLeft UIInterfaceOrientationLandscapeRight";
				INFOPLIST_KEY_UISupportedInterfaceOrientations_iPhone = "UIInterfaceOrientationPortrait UIInterfaceOrientationLandscapeLeft UIInterfaceOrientationLandscapeRight";
				LD_RUNPATH_SEARCH_PATHS = (
					"$(inherited)",
					"@executable_path/Frameworks",
				);
				MACH_O_TYPE = mh_execute;
				MARKETING_VERSION = 1.0;
				PRODUCT_BUNDLE_IDENTIFIER = Divyesh.CodingChallangeLows;
				PRODUCT_NAME = "$(TARGET_NAME)";
				SWIFT_EMIT_LOC_STRINGS = YES;
				SWIFT_VERSION = 5.0;
				TARGETED_DEVICE_FAMILY = "1,2";
			};
			name = Release;
		};
/* End XCBuildConfiguration section */

/* Begin XCConfigurationList section */
		268317AF2786B03C00D3E937 /* Build configuration list for PBXProject "CodingChallangeLows" */ = {
			isa = XCConfigurationList;
			buildConfigurations = (
				268317C62786B03D00D3E937 /* Debug */,
				268317C72786B03D00D3E937 /* Release */,
			);
			defaultConfigurationIsVisible = 0;
			defaultConfigurationName = Release;
		};
		268317C82786B03D00D3E937 /* Build configuration list for PBXNativeTarget "CodingChallangeLows" */ = {
			isa = XCConfigurationList;
			buildConfigurations = (
				268317C92786B03D00D3E937 /* Debug */,
				268317CA2786B03D00D3E937 /* Release */,
			);
			defaultConfigurationIsVisible = 0;
			defaultConfigurationName = Release;
		};
/* End XCConfigurationList section */
	};
	rootObject = 268317AC2786B03C00D3E937 /* Project object */;
}
